
Microsoft Visual Studio Solution File, Format Version 12.00
# Visual Studio Version 17
VisualStudioVersion = 17.1.32319.34
MinimumVisualStudioVersion = 10.0.40219.1
Project("{8BC9CEB8-8B4A-11D0-8D11-00A0C91BC942}") = "OOP4", "OOP4\OOP4.vcxproj", "{762D8C26-C870-4750-A2B0-F2497B14AE75}"
EndProject
Global
	GlobalSection(SolutionConfigurationPlatforms) = preSolution
		Debug|x64 = Debug|x64
		Debug|x86 = Debug|x86
		Release|x64 = Release|x64
		Release|x86 = Release|x86
	EndGlobalSection
	GlobalSection(ProjectConfigurationPlatforms) = postSolution
		{762D8C26-C870-4750-A2B0-F2497B14AE75}.Debug|x64.ActiveCfg = Debug|x64
		{762D8C26-C870-4750-A2B0-F2497B14AE75}.Debug|x64.Build.0 = Debug|x64
		{762D8C26-C870-4750-A2B0-F2497B14AE75}.Debug|x86.ActiveCfg = Debug|Win32
		{762D8C26-C870-4750-A2B0-F2497B14AE75}.Debug|x86.Build.0 = Debug|Win32
		{762D8C26-C870-4750-A2B0-F2497B14AE75}.Release|x64.ActiveCfg = Release|x64
		{762D8C26-C870-4750-A2B0-F2497B14AE75}.Release|x64.Build.0 = Release|x64
		{762D8C26-C870-4750-A2B0-F2497B14AE75}.Release|x86.ActiveCfg = Release|Win32
		{762D8C26-C870-4750-A2B0-F2497B14AE75}.Release|x86.Build.0 = Release|Win32
	EndGlobalSection
	GlobalSection(SolutionProperties) = preSolution
		HideSolutionNode = FALSE
	EndGlobalSection
	GlobalSection(ExtensibilityGlobals) = postSolution
		SolutionGuid = {62320617-D93D-486A-B3E7-B6A66C4C01CE}
	EndGlobalSection
EndGlobal
